
Microsoft Visual Studio Solution File, Format Version 12.00
# Visual Studio 2012
Project("{FAE04EC0-301F-11D3-BF4B-00C04F79EFBC}") = "Fortranaly90", "Fortranaly90\Fortranaly90.csproj", "{CBBF646E-C912-46DD-8855-C2BCA598E918}"
EndProject
Global
	GlobalSection(SolutionConfigurationPlatforms) = preSolution
		Debug|Any CPU = Debug|Any CPU
		Release|Any CPU = Release|Any CPU
	EndGlobalSection
	GlobalSection(ProjectConfigurationPlatforms) = postSolution
		{CBBF646E-C912-46DD-8855-C2BCA598E918}.Debug|Any CPU.ActiveCfg = Debug|Any CPU
		{CBBF646E-C912-46DD-8855-C2BCA598E918}.Debug|Any CPU.Build.0 = Debug|Any CPU
		{CBBF646E-C912-46DD-8855-C2BCA598E918}.Release|Any CPU.ActiveCfg = Release|Any CPU
		{CBBF646E-C912-46DD-8855-C2BCA598E918}.Release|Any CPU.Build.0 = Release|Any CPU
	EndGlobalSection
	GlobalSection(SolutionProperties) = preSolution
		HideSolutionNode = FALSE
	EndGlobalSection
EndGlobal
